FORGE
  remote: https://forgeapi.puppetlabs.com
  specs:
    deric-mesos (0.6.4)
      puppetlabs-apt (>= 2.1.0)
      puppetlabs-stdlib (>= 4.2.0)
    puppetlabs-apt (2.2.1)
      puppetlabs-stdlib (< 5.0.0, >= 4.5.0)
    puppetlabs-stdlib (4.10.0)

DEPENDENCIES
  deric-mesos (>= 0.6.4)
  puppetlabs-apt (>= 2.1.0)
  puppetlabs-stdlib (>= 4.2.0)

